# Lockfile v4
# This file is automatically generated by Wapm.
# It is not intended for manual editing. The schema of this file may change.
[modules."mark/wasi-version"."0.1.0".wasi-version]
name = "wasi-version"
package_version = "0.1.0"
package_name = "mark/wasi-version"
package_path = "mark/wasi-version@0.1.0"
resolved = "https://registry-cdn.wapm.io/packages/mark/wasi-version/wasi-version-0.1.0.tar.gz"
resolved_source = "registry+wasi-version"
abi = "wasi"
source = "target/wasm32-wasi/release/wasi-version.wasm"
prehashed_module_key = "146d56d9a7d17132ea607b8c703031879f3a7d2ee3ecf0464a486af8ab04b966742f002b132c4093b763dd46be37fb4f802283003a8fa4db34a1d687a68b7e58"
[commands.wasi-version]
name = "wasi-version"
package_name = "mark/wasi-version"
package_version = "0.1.0"
module = "wasi-version"
is_top_level_dependency = true
